
Microsoft Visual Studio Solution File, Format Version 12.00
Project("{FAE04EC0-301F-11D3-BF4B-00C04F79EFBC}") = "DialogHost.Avalonia", "DialogHost.Avalonia\DialogHost.Avalonia.csproj", "{6FCAB4B3-A6F8-4243-96CD-B9DB32AF6B2F}"
EndProject
Project("{FAE04EC0-301F-11D3-BF4B-00C04F79EFBC}") = "DialogHost.Demo", "DialogHost.Demo\DialogHost.Demo.csproj", "{DDD9BB37-B237-4F28-BD82-9BC2E7711B1D}"
EndProject
Project("{FAE04EC0-301F-11D3-BF4B-00C04F79EFBC}") = "AvaloniaApplication1", "AvaloniaApplication1\AvaloniaApplication1.csproj", "{8E38D15E-CD8A-4315-BC45-BD1C7F47580D}"
EndProject
Global
	GlobalSection(SolutionConfigurationPlatforms) = preSolution
		Debug|Any CPU = Debug|Any CPU
		Release|Any CPU = Release|Any CPU
	EndGlobalSection
	GlobalSection(ProjectConfigurationPlatforms) = postSolution
		{6FCAB4B3-A6F8-4243-96CD-B9DB32AF6B2F}.Debug|Any CPU.ActiveCfg = Debug|Any CPU
		{6FCAB4B3-A6F8-4243-96CD-B9DB32AF6B2F}.Debug|Any CPU.Build.0 = Debug|Any CPU
		{6FCAB4B3-A6F8-4243-96CD-B9DB32AF6B2F}.Release|Any CPU.ActiveCfg = Release|Any CPU
		{6FCAB4B3-A6F8-4243-96CD-B9DB32AF6B2F}.Release|Any CPU.Build.0 = Release|Any CPU
		{DDD9BB37-B237-4F28-BD82-9BC2E7711B1D}.Debug|Any CPU.ActiveCfg = Debug|Any CPU
		{DDD9BB37-B237-4F28-BD82-9BC2E7711B1D}.Debug|Any CPU.Build.0 = Debug|Any CPU
		{DDD9BB37-B237-4F28-BD82-9BC2E7711B1D}.Release|Any CPU.ActiveCfg = Release|Any CPU
		{DDD9BB37-B237-4F28-BD82-9BC2E7711B1D}.Release|Any CPU.Build.0 = Release|Any CPU
		{8E38D15E-CD8A-4315-BC45-BD1C7F47580D}.Debug|Any CPU.ActiveCfg = Debug|Any CPU
		{8E38D15E-CD8A-4315-BC45-BD1C7F47580D}.Debug|Any CPU.Build.0 = Debug|Any CPU
		{8E38D15E-CD8A-4315-BC45-BD1C7F47580D}.Release|Any CPU.ActiveCfg = Release|Any CPU
		{8E38D15E-CD8A-4315-BC45-BD1C7F47580D}.Release|Any CPU.Build.0 = Release|Any CPU
	EndGlobalSection
EndGlobal
